
Microsoft Visual Studio Solution File, Format Version 12.00
# Visual Studio Version 17
VisualStudioVersion = 17.5.33424.131
MinimumVisualStudioVersion = 10.0.40219.1
Project("{FAE04EC0-301F-11D3-BF4B-00C04F79EFBC}") = "StudyMaterialLibrary", "StudyMaterialLibrary\StudyMaterialLibrary.csproj", "{08C09651-169A-4A28-8E55-78262850E6F0}"
EndProject
Global
	GlobalSection(SolutionConfigurationPlatforms) = preSolution
		Debug|Any CPU = Debug|Any CPU
		Release|Any CPU = Release|Any CPU
	EndGlobalSection
	GlobalSection(ProjectConfigurationPlatforms) = postSolution
		{08C09651-169A-4A28-8E55-78262850E6F0}.Debug|Any CPU.ActiveCfg = Debug|Any CPU
		{08C09651-169A-4A28-8E55-78262850E6F0}.Debug|Any CPU.Build.0 = Debug|Any CPU
		{08C09651-169A-4A28-8E55-78262850E6F0}.Release|Any CPU.ActiveCfg = Release|Any CPU
		{08C09651-169A-4A28-8E55-78262850E6F0}.Release|Any CPU.Build.0 = Release|Any CPU
	EndGlobalSection
	GlobalSection(SolutionProperties) = preSolution
		HideSolutionNode = FALSE
	EndGlobalSection
	GlobalSection(ExtensibilityGlobals) = postSolution
		SolutionGuid = {5A0FDDE4-0E5A-4587-B8B6-175A858A91FC}
	EndGlobalSection
EndGlobal
